
Microsoft Visual Studio Solution File, Format Version 12.00
# Visual Studio Version 17
VisualStudioVersion = 17.8.34302.71
MinimumVisualStudioVersion = 10.0.40219.1
Project("{9A19103F-16F7-4668-BE54-9A1E7A4F7556}") = "BlazorMovie", "BlazorMovie\BlazorMovie.csproj", "{B8D438B8-8EBC-42FD-8739-C9B814FCDA29}"
EndProject
Global
	GlobalSection(SolutionConfigurationPlatforms) = preSolution
		Debug|Any CPU = Debug|Any CPU
		Release|Any CPU = Release|Any CPU
	EndGlobalSection
	GlobalSection(ProjectConfigurationPlatforms) = postSolution
		{B8D438B8-8EBC-42FD-8739-C9B814FCDA29}.Debug|Any CPU.ActiveCfg = Debug|Any CPU
		{B8D438B8-8EBC-42FD-8739-C9B814FCDA29}.Debug|Any CPU.Build.0 = Debug|Any CPU
		{B8D438B8-8EBC-42FD-8739-C9B814FCDA29}.Release|Any CPU.ActiveCfg = Release|Any CPU
		{B8D438B8-8EBC-42FD-8739-C9B814FCDA29}.Release|Any CPU.Build.0 = Release|Any CPU
	EndGlobalSection
	GlobalSection(SolutionProperties) = preSolution
		HideSolutionNode = FALSE
	EndGlobalSection
	GlobalSection(ExtensibilityGlobals) = postSolution
		SolutionGuid = {51E437A5-42D1-477E-B21F-65E3D93DB2D5}
	EndGlobalSection
EndGlobal
